// !$*UTF8*$!
{
	archiveVersion = 1;
	classes = {
	};
	objectVersion = 46;
	objects = {

/* Begin PBXBuildFile section */
		97A2B4CC1C2936C900D6B5C9 /* Array+Sorting.swift in Sources */ = {isa = PBXBuildFile; fileRef = 97A2B4CB1C2936C900D6B5C9 /* Array+Sorting.swift */; };
		97A2B4CE1C29371900D6B5C9 /* UITableViewController+Convenience.swift in Sources */ = {isa = PBXBuildFile; fileRef = 97A2B4CD1C29371900D6B5C9 /* UITableViewController+Convenience.swift */; };
		97A2B4D01C29376000D6B5C9 /* ModifyAccessoryViewController.swift in Sources */ = {isa = PBXBuildFile; fileRef = 97A2B4CF1C29376000D6B5C9 /* ModifyAccessoryViewController.swift */; };
		97A2B4D21C29379E00D6B5C9 /* UIStoryboardSegue+IntendedDestination.swift in Sources */ = {isa = PBXBuildFile; fileRef = 97A2B4D11C29379E00D6B5C9 /* UIStoryboardSegue+IntendedDestination.swift */; };
		97A2B4D41C2938BB00D6B5C9 /* HMCatalogViewController.swift in Sources */ = {isa = PBXBuildFile; fileRef = 97A2B4D31C2938BB00D6B5C9 /* HMCatalogViewController.swift */; };
		97A2B4D61C29397100D6B5C9 /* HMHome+Properties.swift in Sources */ = {isa = PBXBuildFile; fileRef = 97A2B4D51C29397100D6B5C9 /* HMHome+Properties.swift */; };
		97A2B4D81C2939B000D6B5C9 /* HMActionSet+BuiltIn.swift in Sources */ = {isa = PBXBuildFile; fileRef = 97A2B4D71C2939B000D6B5C9 /* HMActionSet+BuiltIn.swift */; };
		97A2B4DA1C2939E900D6B5C9 /* HMService+Properties.swift in Sources */ = {isa = PBXBuildFile; fileRef = 97A2B4D91C2939E900D6B5C9 /* HMService+Properties.swift */; };
		97A2B4DC1C2BD7A700D6B5C9 /* HomeKitObjectCollection.swift in Sources */ = {isa = PBXBuildFile; fileRef = 97A2B4DB1C2BD7A700D6B5C9 /* HomeKitObjectCollection.swift */; };
		97B66AEF1C33B9BA002892F8 /* AccessoryUpdateController.swift in Sources */ = {isa = PBXBuildFile; fileRef = 97B66AEE1C33B9BA002892F8 /* AccessoryUpdateController.swift */; };
		97B66AF11C33BA19002892F8 /* CharacteristicCell.swift in Sources */ = {isa = PBXBuildFile; fileRef = 97B66AF01C33BA19002892F8 /* CharacteristicCell.swift */; };
		97B66AF31C33BA2D002892F8 /* CharacteristicCell.xib in Resources */ = {isa = PBXBuildFile; fileRef = 97B66AF21C33BA2D002892F8 /* CharacteristicCell.xib */; };
		97B66AF51C33BA78002892F8 /* HMCharacteristic+Properties.swift in Sources */ = {isa = PBXBuildFile; fileRef = 97B66AF41C33BA78002892F8 /* HMCharacteristic+Properties.swift */; };
		97B66AF91C352341002892F8 /* Fabric.framework in Frameworks */ = {isa = PBXBuildFile; fileRef = 97B66AF71C352341002892F8 /* Fabric.framework */; };
		97B66AFA1C352341002892F8 /* Crashlytics.framework in Frameworks */ = {isa = PBXBuildFile; fileRef = 97B66AF81C352341002892F8 /* Crashlytics.framework */; };
		97CC08831C20F65C005B5FC8 /* AppDelegate.swift in Sources */ = {isa = PBXBuildFile; fileRef = 97CC08821C20F65C005B5FC8 /* AppDelegate.swift */; };
		97CC08881C20F65C005B5FC8 /* Main.storyboard in Resources */ = {isa = PBXBuildFile; fileRef = 97CC08861C20F65C005B5FC8 /* Main.storyboard */; };
		97CC088B1C20F65D005B5FC8 /* Home.xcdatamodeld in Sources */ = {isa = PBXBuildFile; fileRef = 97CC08891C20F65C005B5FC8 /* Home.xcdatamodeld */; };
		97CC088D1C20F65D005B5FC8 /* Assets.xcassets in Resources */ = {isa = PBXBuildFile; fileRef = 97CC088C1C20F65D005B5FC8 /* Assets.xcassets */; };
		97CC08901C20F65D005B5FC8 /* LaunchScreen.storyboard in Resources */ = {isa = PBXBuildFile; fileRef = 97CC088E1C20F65D005B5FC8 /* LaunchScreen.storyboard */; };
		97CC08981C20FB02005B5FC8 /* HomeKit.framework in Frameworks */ = {isa = PBXBuildFile; fileRef = 97CC08971C20FB02005B5FC8 /* HomeKit.framework */; };
		97CC089B1C20FB6B005B5FC8 /* ExternalAccessory.framework in Frameworks */ = {isa = PBXBuildFile; fileRef = 97CC089A1C20FB6B005B5FC8 /* ExternalAccessory.framework */; };
		97CC089D1C2105D5005B5FC8 /* DevicesTableViewController.swift in Sources */ = {isa = PBXBuildFile; fileRef = 97CC089C1C2105D5005B5FC8 /* DevicesTableViewController.swift */; };
		97CC08A01C28F5ED005B5FC8 /* HomeViewController.swift in Sources */ = {isa = PBXBuildFile; fileRef = 97CC089F1C28F5ED005B5FC8 /* HomeViewController.swift */; };
		97CC08A21C2917C7005B5FC8 /* UIViewController+Convenience.swift in Sources */ = {isa = PBXBuildFile; fileRef = 97CC08A11C2917C7005B5FC8 /* UIViewController+Convenience.swift */; };
		97CC08A41C2918EE005B5FC8 /* UIAlertController+Convenience.swift in Sources */ = {isa = PBXBuildFile; fileRef = 97CC08A31C2918EE005B5FC8 /* UIAlertController+Convenience.swift */; };
		97CC08A81C29268E005B5FC8 /* HomeStore.swift in Sources */ = {isa = PBXBuildFile; fileRef = 97CC08A71C29268E005B5FC8 /* HomeStore.swift */; };
		97CC08AA1C293299005B5FC8 /* AccessoryBrowserViewController.swift in Sources */ = {isa = PBXBuildFile; fileRef = 97CC08A91C293299005B5FC8 /* AccessoryBrowserViewController.swift */; };
/* End PBXBuildFile section */

/* Begin PBXFileReference section */
		97A2B4CB1C2936C900D6B5C9 /* Array+Sorting.swift */ = {isa = PBXFileReference; fileEncoding = 4; lastKnownFileType = sourcecode.swift; name = "Array+Sorting.swift"; path = "../../HomeKitSample/HMCatalog/Supporting Files/Array+Sorting.swift"; sourceTree = "<group>"; };
		97A2B4CD1C29371900D6B5C9 /* UITableViewController+Convenience.swift */ = {isa = PBXFileReference; fileEncoding = 4; lastKnownFileType = sourcecode.swift; name = "UITableViewController+Convenience.swift"; path = "../../HomeKitSample/HMCatalog/Supporting Files/UITableViewController+Convenience.swift"; sourceTree = "<group>"; };
		97A2B4CF1C29376000D6B5C9 /* ModifyAccessoryViewController.swift */ = {isa = PBXFileReference; fileEncoding = 4; lastKnownFileType = sourcecode.swift; name = ModifyAccessoryViewController.swift; path = ../../HomeKitSample/HMCatalog/Homes/Accessories/ModifyAccessoryViewController.swift; sourceTree = "<group>"; xcLanguageSpecificationIdentifier = xcode.lang.swift; };
		97A2B4D11C29379E00D6B5C9 /* UIStoryboardSegue+IntendedDestination.swift */ = {isa = PBXFileReference; fileEncoding = 4; lastKnownFileType = sourcecode.swift; name = "UIStoryboardSegue+IntendedDestination.swift"; path = "../../HomeKitSample/HMCatalog/Supporting Files/UIStoryboardSegue+IntendedDestination.swift"; sourceTree = "<group>"; };
		97A2B4D31C2938BB00D6B5C9 /* HMCatalogViewController.swift */ = {isa = PBXFileReference; fileEncoding = 4; lastKnownFileType = sourcecode.swift; name = HMCatalogViewController.swift; path = ../../HomeKitSample/HMCatalog/HMCatalogViewController.swift; sourceTree = "<group>"; };
		97A2B4D51C29397100D6B5C9 /* HMHome+Properties.swift */ = {isa = PBXFileReference; fileEncoding = 4; lastKnownFileType = sourcecode.swift; name = "HMHome+Properties.swift"; path = "../../HomeKitSample/HMCatalog/Supporting Files/HMHome+Properties.swift"; sourceTree = "<group>"; };
		97A2B4D71C2939B000D6B5C9 /* HMActionSet+BuiltIn.swift */ = {isa = PBXFileReference; fileEncoding = 4; lastKnownFileType = sourcecode.swift; name = "HMActionSet+BuiltIn.swift"; path = "../../HomeKitSample/HMCatalog/Supporting Files/HMActionSet+BuiltIn.swift"; sourceTree = "<group>"; };
		97A2B4D91C2939E900D6B5C9 /* HMService+Properties.swift */ = {isa = PBXFileReference; fileEncoding = 4; lastKnownFileType = sourcecode.swift; name = "HMService+Properties.swift"; path = "../../HomeKitSample/HMCatalog/Supporting Files/HMService+Properties.swift"; sourceTree = "<group>"; };
		97A2B4DB1C2BD7A700D6B5C9 /* HomeKitObjectCollection.swift */ = {isa = PBXFileReference; fileEncoding = 4; lastKnownFileType = sourcecode.swift; name = HomeKitObjectCollection.swift; path = ../../HomeKitSample/HMCatalog/Homes/HomeKitObjectCollection.swift; sourceTree = "<group>"; };
		97B66AEE1C33B9BA002892F8 /* AccessoryUpdateController.swift */ = {isa = PBXFileReference; fileEncoding = 4; lastKnownFileType = sourcecode.swift; name = AccessoryUpdateController.swift; path = ../../HomeKitSample/HMCatalog/Homes/Accessories/AccessoryUpdateController.swift; sourceTree = "<group>"; };
		97B66AF01C33BA19002892F8 /* CharacteristicCell.swift */ = {isa = PBXFileReference; fileEncoding = 4; lastKnownFileType = sourcecode.swift; name = CharacteristicCell.swift; path = "../../HomeKitSample/HMCatalog/Homes/Accessories/Services/Characteristic Cells/CharacteristicCell.swift"; sourceTree = "<group>"; };
		97B66AF21C33BA2D002892F8 /* CharacteristicCell.xib */ = {isa = PBXFileReference; fileEncoding = 4; lastKnownFileType = file.xib; name = CharacteristicCell.xib; path = "../../HomeKitSample/HMCatalog/Homes/Accessories/Services/Characteristic Cells/CharacteristicCell.xib"; sourceTree = "<group>"; };
		97B66AF41C33BA78002892F8 /* HMCharacteristic+Properties.swift */ = {isa = PBXFileReference; fileEncoding = 4; lastKnownFileType = sourcecode.swift; name = "HMCharacteristic+Properties.swift"; path = "../../HomeKitSample/HMCatalog/Supporting Files/HMCharacteristic+Properties.swift"; sourceTree = "<group>"; };
		97B66AF71C352341002892F8 /* Fabric.framework */ = {isa = PBXFileReference; lastKnownFileType = wrapper.framework; path = Fabric.framework; sourceTree = "<group>"; };
		97B66AF81C352341002892F8 /* Crashlytics.framework */ = {isa = PBXFileReference; lastKnownFileType = wrapper.framework; path = Crashlytics.framework; sourceTree = "<group>"; };
		97CC087F1C20F65C005B5FC8 /* Home.app */ = {isa = PBXFileReference; explicitFileType = wrapper.application; includeInIndex = 0; path = Home.app; sourceTree = BUILT_PRODUCTS_DIR; };
		97CC08821C20F65C005B5FC8 /* AppDelegate.swift */ = {isa = PBXFileReference; lastKnownFileType = sourcecode.swift; path = AppDelegate.swift; sourceTree = "<group>"; };
		97CC08871C20F65C005B5FC8 /* Base */ = {isa = PBXFileReference; lastKnownFileType = file.storyboard; name = Base; path = Base.lproj/Main.storyboard; sourceTree = "<group>"; };
		97CC088A1C20F65C005B5FC8 /* Home.xcdatamodel */ = {isa = PBXFileReference; lastKnownFileType = wrapper.xcdatamodel; path = Home.xcdatamodel; sourceTree = "<group>"; };
		97CC088C1C20F65D005B5FC8 /* Assets.xcassets */ = {isa = PBXFileReference; lastKnownFileType = folder.assetcatalog; path = Assets.xcassets; sourceTree = "<group>"; };
		97CC088F1C20F65D005B5FC8 /* Base */ = {isa = PBXFileReference; lastKnownFileType = file.storyboard; name = Base; path = Base.lproj/LaunchScreen.storyboard; sourceTree = "<group>"; };
		97CC08911C20F65D005B5FC8 /* Info.plist */ = {isa = PBXFileReference; lastKnownFileType = text.plist.xml; path = Info.plist; sourceTree = "<group>"; };
		97CC08971C20FB02005B5FC8 /* HomeKit.framework */ = {isa = PBXFileReference; lastKnownFileType = wrapper.framework; name = HomeKit.framework; path = System/Library/Frameworks/HomeKit.framework; sourceTree = SDKROOT; };
		97CC08991C20FB02005B5FC8 /* Home.entitlements */ = {isa = PBXFileReference; lastKnownFileType = text.xml; path = Home.entitlements; sourceTree = "<group>"; };
		97CC089A1C20FB6B005B5FC8 /* ExternalAccessory.framework */ = {isa = PBXFileReference; lastKnownFileType = wrapper.framework; name = ExternalAccessory.framework; path = System/Library/Frameworks/ExternalAccessory.framework; sourceTree = SDKROOT; };
		97CC089C1C2105D5005B5FC8 /* DevicesTableViewController.swift */ = {isa = PBXFileReference; fileEncoding = 4; lastKnownFileType = sourcecode.swift; path = DevicesTableViewController.swift; sourceTree = "<group>"; };
		97CC089F1C28F5ED005B5FC8 /* HomeViewController.swift */ = {isa = PBXFileReference; fileEncoding = 4; lastKnownFileType = sourcecode.swift; path = HomeViewController.swift; sourceTree = "<group>"; };
		97CC08A11C2917C7005B5FC8 /* UIViewController+Convenience.swift */ = {isa = PBXFileReference; fileEncoding = 4; lastKnownFileType = sourcecode.swift; name = "UIViewController+Convenience.swift"; path = "../../HomeKitSample/HMCatalog/Supporting Files/UIViewController+Convenience.swift"; sourceTree = "<group>"; };
		97CC08A31C2918EE005B5FC8 /* UIAlertController+Convenience.swift */ = {isa = PBXFileReference; fileEncoding = 4; lastKnownFileType = sourcecode.swift; name = "UIAlertController+Convenience.swift"; path = "../../HomeKitSample/HMCatalog/Supporting Files/UIAlertController+Convenience.swift"; sourceTree = "<group>"; };
		97CC08A71C29268E005B5FC8 /* HomeStore.swift */ = {isa = PBXFileReference; fileEncoding = 4; lastKnownFileType = sourcecode.swift; name = HomeStore.swift; path = ../../HomeKitSample/HMCatalog/Homes/HomeStore.swift; sourceTree = "<group>"; };
		97CC08A91C293299005B5FC8 /* AccessoryBrowserViewController.swift */ = {isa = PBXFileReference; fileEncoding = 4; lastKnownFileType = sourcecode.swift; name = AccessoryBrowserViewController.swift; path = ../../HomeKitSample/HMCatalog/Homes/Accessories/AccessoryBrowserViewController.swift; sourceTree = "<group>"; xcLanguageSpecificationIdentifier = xcode.lang.swift; };
/* End PBXFileReference section */

/* Begin PBXFrameworksBuildPhase section */
		97CC087C1C20F65C005B5FC8 /* Frameworks */ = {
			isa = PBXFrameworksBuildPhase;
			buildActionMask = 2147483647;
			files = (
				97CC089B1C20FB6B005B5FC8 /* ExternalAccessory.framework in Frameworks */,
				97CC08981C20FB02005B5FC8 /* HomeKit.framework in Frameworks */,
				97B66AFA1C352341002892F8 /* Crashlytics.framework in Frameworks */,
				97B66AF91C352341002892F8 /* Fabric.framework in Frameworks */,
			);
			runOnlyForDeploymentPostprocessing = 0;
		};
/* End PBXFrameworksBuildPhase section */

/* Begin PBXGroup section */
		97CC08761C20F65B005B5FC8 = {
			isa = PBXGroup;
			children = (
				97B66AF71C352341002892F8 /* Fabric.framework */,
				97B66AF81C352341002892F8 /* Crashlytics.framework */,
				97CC089A1C20FB6B005B5FC8 /* ExternalAccessory.framework */,
				97CC08971C20FB02005B5FC8 /* HomeKit.framework */,
				97CC08811C20F65C005B5FC8 /* Home */,
				97CC08801C20F65C005B5FC8 /* Products */,
			);
			sourceTree = "<group>";
		};
		97CC08801C20F65C005B5FC8 /* Products */ = {
			isa = PBXGroup;
			children = (
				97CC087F1C20F65C005B5FC8 /* Home.app */,
			);
			name = Products;
			sourceTree = "<group>";
		};
		97CC08811C20F65C005B5FC8 /* Home */ = {
			isa = PBXGroup;
			children = (
				97B66AF21C33BA2D002892F8 /* CharacteristicCell.xib */,
				97B66AF01C33BA19002892F8 /* CharacteristicCell.swift */,
				97B66AEE1C33B9BA002892F8 /* AccessoryUpdateController.swift */,
				97A2B4DB1C2BD7A700D6B5C9 /* HomeKitObjectCollection.swift */,
				97A2B4D31C2938BB00D6B5C9 /* HMCatalogViewController.swift */,
				97A2B4CF1C29376000D6B5C9 /* ModifyAccessoryViewController.swift */,
				97CC08A91C293299005B5FC8 /* AccessoryBrowserViewController.swift */,
				97CC089E1C2105DE005B5FC8 /* Support Files */,
				97CC08861C20F65C005B5FC8 /* Main.storyboard */,
				97CC08821C20F65C005B5FC8 /* AppDelegate.swift */,
				97CC089C1C2105D5005B5FC8 /* DevicesTableViewController.swift */,
				97CC089F1C28F5ED005B5FC8 /* HomeViewController.swift */,
			);
			path = Home;
			sourceTree = "<group>";
		};
		97CC089E1C2105DE005B5FC8 /* Support Files */ = {
			isa = PBXGroup;
			children = (
				97B66AF41C33BA78002892F8 /* HMCharacteristic+Properties.swift */,
				97A2B4D91C2939E900D6B5C9 /* HMService+Properties.swift */,
				97A2B4D71C2939B000D6B5C9 /* HMActionSet+BuiltIn.swift */,
				97A2B4D51C29397100D6B5C9 /* HMHome+Properties.swift */,
				97A2B4D11C29379E00D6B5C9 /* UIStoryboardSegue+IntendedDestination.swift */,
				97A2B4CD1C29371900D6B5C9 /* UITableViewController+Convenience.swift */,
				97A2B4CB1C2936C900D6B5C9 /* Array+Sorting.swift */,
				97CC08A71C29268E005B5FC8 /* HomeStore.swift */,
				97CC08A31C2918EE005B5FC8 /* UIAlertController+Convenience.swift */,
				97CC08A11C2917C7005B5FC8 /* UIViewController+Convenience.swift */,
				97CC08911C20F65D005B5FC8 /* Info.plist */,
				97CC088E1C20F65D005B5FC8 /* LaunchScreen.storyboard */,
				97CC088C1C20F65D005B5FC8 /* Assets.xcassets */,
				97CC08991C20FB02005B5FC8 /* Home.entitlements */,
				97CC08891C20F65C005B5FC8 /* Home.xcdatamodeld */,
			);
			name = "Support Files";
			sourceTree = "<group>";
		};
/* End PBXGroup section */

/* Begin PBXNativeTarget section */
		97CC087E1C20F65C005B5FC8 /* Home */ = {
			isa = PBXNativeTarget;
			buildConfigurationList = 97CC08941C20F65D005B5FC8 /* Build configuration list for PBXNativeTarget "Home" */;
			buildPhases = (
				97CC087B1C20F65C005B5FC8 /* Sources */,
				97CC087C1C20F65C005B5FC8 /* Frameworks */,
				97CC087D1C20F65C005B5FC8 /* Resources */,
				97B66AF61C3522D6002892F8 /* ShellScript */,
			);
			buildRules = (
			);
			dependencies = (
			);
			name = Home;
			productName = Home;
			productReference = 97CC087F1C20F65C005B5FC8 /* Home.app */;
			productType = "com.apple.product-type.application";
		};
/* End PBXNativeTarget section */

/* Begin PBXProject section */
		97CC08771C20F65C005B5FC8 /* Project object */ = {
			isa = PBXProject;
			attributes = {
				LastSwiftUpdateCheck = 0720;
				LastUpgradeCheck = 0720;
				ORGANIZATIONNAME = itri;
				TargetAttributes = {
					97CC087E1C20F65C005B5FC8 = {
						CreatedOnToolsVersion = 7.2;
						DevelopmentTeam = 9VPJYELQX8;
						SystemCapabilities = {
							com.apple.HomeKit = {
								enabled = 1;
							};
						};
					};
				};
			};
			buildConfigurationList = 97CC087A1C20F65C005B5FC8 /* Build configuration list for PBXProject "Home" */;
			compatibilityVersion = "Xcode 3.2";
			developmentRegion = English;
			hasScannedForEncodings = 0;
			knownRegions = (
				en,
				Base,
			);
			mainGroup = 97CC08761C20F65B005B5FC8;
			productRefGroup = 97CC08801C20F65C005B5FC8 /* Products */;
			projectDirPath = "";
			projectRoot = "";
			targets = (
				97CC087E1C20F65C005B5FC8 /* Home */,
			);
		};
/* End PBXProject section */

/* Begin PBXResourcesBuildPhase section */
		97CC087D1C20F65C005B5FC8 /* Resources */ = {
			isa = PBXResourcesBuildPhase;
			buildActionMask = 2147483647;
			files = (
				97B66AF31C33BA2D002892F8 /* CharacteristicCell.xib in Resources */,
				97CC08901C20F65D005B5FC8 /* LaunchScreen.storyboard in Resources */,
				97CC088D1C20F65D005B5FC8 /* Assets.xcassets in Resources */,
				97CC08881C20F65C005B5FC8 /* Main.storyboard in Resources */,
			);
			runOnlyForDeploymentPostprocessing = 0;
		};
/* End PBXResourcesBuildPhase section */

/* Begin PBXShellScriptBuildPhase section */
		97B66AF61C3522D6002892F8 /* ShellScript */ = {
			isa = PBXShellScriptBuildPhase;
			buildActionMask = 2147483647;
			files = (
			);
			inputPaths = (
			);
			outputPaths = (
			);
			runOnlyForDeploymentPostprocessing = 0;
			shellPath = /bin/sh;
			shellScript = "./Fabric.framework/run 86495458bd6bf24e437341372de304f059c9071f 3312786962b360c6a5c81aa7758b65f9382e930dcca4411185be6ec0594d2ae0";
		};
/* End PBXShellScriptBuildPhase section */

/* Begin PBXSourcesBuildPhase section */
		97CC087B1C20F65C005B5FC8 /* Sources */ = {
			isa = PBXSourcesBuildPhase;
			buildActionMask = 2147483647;
			files = (
				97CC08A81C29268E005B5FC8 /* HomeStore.swift in Sources */,
				97B66AEF1C33B9BA002892F8 /* AccessoryUpdateController.swift in Sources */,
				97CC08A41C2918EE005B5FC8 /* UIAlertController+Convenience.swift in Sources */,
				97A2B4CC1C2936C900D6B5C9 /* Array+Sorting.swift in Sources */,
				97A2B4DA1C2939E900D6B5C9 /* HMService+Properties.swift in Sources */,
				97CC088B1C20F65D005B5FC8 /* Home.xcdatamodeld in Sources */,
				97A2B4D01C29376000D6B5C9 /* ModifyAccessoryViewController.swift in Sources */,
				97CC08A21C2917C7005B5FC8 /* UIViewController+Convenience.swift in Sources */,
				97A2B4D21C29379E00D6B5C9 /* UIStoryboardSegue+IntendedDestination.swift in Sources */,
				97A2B4D81C2939B000D6B5C9 /* HMActionSet+BuiltIn.swift in Sources */,
				97A2B4CE1C29371900D6B5C9 /* UITableViewController+Convenience.swift in Sources */,
				97CC089D1C2105D5005B5FC8 /* DevicesTableViewController.swift in Sources */,
				97CC08831C20F65C005B5FC8 /* AppDelegate.swift in Sources */,
				97A2B4D41C2938BB00D6B5C9 /* HMCatalogViewController.swift in Sources */,
				97CC08AA1C293299005B5FC8 /* AccessoryBrowserViewController.swift in Sources */,
				97A2B4D61C29397100D6B5C9 /* HMHome+Properties.swift in Sources */,
				97CC08A01C28F5ED005B5FC8 /* HomeViewController.swift in Sources */,
				97A2B4DC1C2BD7A700D6B5C9 /* HomeKitObjectCollection.swift in Sources */,
				97B66AF51C33BA78002892F8 /* HMCharacteristic+Properties.swift in Sources */,
				97B66AF11C33BA19002892F8 /* CharacteristicCell.swift in Sources */,
			);
			runOnlyForDeploymentPostprocessing = 0;
		};
/* End PBXSourcesBuildPhase section */

/* Begin PBXVariantGroup section */
		97CC08861C20F65C005B5FC8 /* Main.storyboard */ = {
			isa = PBXVariantGroup;
			children = (
				97CC08871C20F65C005B5FC8 /* Base */,
			);
			name = Main.storyboard;
			sourceTree = "<group>";
		};
		97CC088E1C20F65D005B5FC8 /* LaunchScreen.storyboard */ = {
			isa = PBXVariantGroup;
			children = (
				97CC088F1C20F65D005B5FC8 /* Base */,
			);
			name = LaunchScreen.storyboard;
			sourceTree = "<group>";
		};
/* End PBXVariantGroup section */

/* Begin XCBuildConfiguration section */
		97CC08921C20F65D005B5FC8 /* Debug */ = {
			isa = XCBuildConfiguration;
			buildSettings = {
				ALWAYS_SEARCH_USER_PATHS = NO;
				CLANG_CXX_LANGUAGE_STANDARD = "gnu++0x";
				CLANG_CXX_LIBRARY = "libc++";
				CLANG_ENABLE_MODULES = YES;
				CLANG_ENABLE_OBJC_ARC = YES;
				CLANG_WARN_BOOL_CONVERSION = YES;
				CLANG_WARN_CONSTANT_CONVERSION = YES;
				CLANG_WARN_DIRECT_OBJC_ISA_USAGE = YES_ERROR;
				CLANG_WARN_EMPTY_BODY = YES;
				CLANG_WARN_ENUM_CONVERSION = YES;
				CLANG_WARN_INT_CONVERSION = YES;
				CLANG_WARN_OBJC_ROOT_CLASS = YES_ERROR;
				CLANG_WARN_UNREACHABLE_CODE = YES;
				CLANG_WARN__DUPLICATE_METHOD_MATCH = YES;
				"CODE_SIGN_IDENTITY[sdk=iphoneos*]" = "iPhone Developer";
				COPY_PHASE_STRIP = NO;
				DEBUG_INFORMATION_FORMAT = dwarf;
				ENABLE_STRICT_OBJC_MSGSEND = YES;
				ENABLE_TESTABILITY = YES;
				GCC_C_LANGUAGE_STANDARD = gnu99;
				GCC_DYNAMIC_NO_PIC = NO;
				GCC_NO_COMMON_BLOCKS = YES;
				GCC_OPTIMIZATION_LEVEL = 0;
				GCC_PREPROCESSOR_DEFINITIONS = (
					"DEBUG=1",
					"$(inherited)",
				);
				GCC_WARN_64_TO_32_BIT_CONVERSION = YES;
				GCC_WARN_ABOUT_RETURN_TYPE = YES_ERROR;
				GCC_WARN_UNDECLARED_SELECTOR = YES;
				GCC_WARN_UNINITIALIZED_AUTOS = YES_AGGRESSIVE;
				GCC_WARN_UNUSED_FUNCTION = YES;
				GCC_WARN_UNUSED_VARIABLE = YES;
				IPHONEOS_DEPLOYMENT_TARGET = 9.2;
				MTL_ENABLE_DEBUG_INFO = YES;
				ONLY_ACTIVE_ARCH = YES;
				SDKROOT = iphoneos;
				SWIFT_OPTIMIZATION_LEVEL = "-Onone";
				TARGETED_DEVICE_FAMILY = "1,2";
			};
			name = Debug;
		};
		97CC08931C20F65D005B5FC8 /* Release */ = {
			isa = XCBuildConfiguration;
			buildSettings = {
				ALWAYS_SEARCH_USER_PATHS = NO;
				CLANG_CXX_LANGUAGE_STANDARD = "gnu++0x";
				CLANG_CXX_LIBRARY = "libc++";
				CLANG_ENABLE_MODULES = YES;
				CLANG_ENABLE_OBJC_ARC = YES;
				CLANG_WARN_BOOL_CONVERSION = YES;
				CLANG_WARN_CONSTANT_CONVERSION = YES;
				CLANG_WARN_DIRECT_OBJC_ISA_USAGE = YES_ERROR;
				CLANG_WARN_EMPTY_BODY = YES;
				CLANG_WARN_ENUM_CONVERSION = YES;
				CLANG_WARN_INT_CONVERSION = YES;
				CLANG_WARN_OBJC_ROOT_CLASS = YES_ERROR;
				CLANG_WARN_UNREACHABLE_CODE = YES;
				CLANG_WARN__DUPLICATE_METHOD_MATCH = YES;
				"CODE_SIGN_IDENTITY[sdk=iphoneos*]" = "iPhone Developer";
				COPY_PHASE_STRIP = NO;
				DEBUG_INFORMATION_FORMAT = "dwarf-with-dsym";
				ENABLE_NS_ASSERTIONS = NO;
				ENABLE_STRICT_OBJC_MSGSEND = YES;
				GCC_C_LANGUAGE_STANDARD = gnu99;
				GCC_NO_COMMON_BLOCKS = YES;
				GCC_WARN_64_TO_32_BIT_CONVERSION = YES;
				GCC_WARN_ABOUT_RETURN_TYPE = YES_ERROR;
				GCC_WARN_UNDECLARED_SELECTOR = YES;
				GCC_WARN_UNINITIALIZED_AUTOS = YES_AGGRESSIVE;
				GCC_WARN_UNUSED_FUNCTION = YES;
				GCC_WARN_UNUSED_VARIABLE = YES;
				IPHONEOS_DEPLOYMENT_TARGET = 9.2;
				MTL_ENABLE_DEBUG_INFO = NO;
				SDKROOT = iphoneos;
				TARGETED_DEVICE_FAMILY = "1,2";
				VALIDATE_PRODUCT = YES;
			};
			name = Release;
		};
		97CC08951C20F65D005B5FC8 /* Debug */ = {
			isa = XCBuildConfiguration;
			buildSettings = {
				ASSETCATALOG_COMPILER_APPICON_NAME = AppIcon;
				CODE_SIGN_ENTITLEMENTS = Home/Home.entitlements;
				CODE_SIGN_IDENTITY = "iPhone Developer";
				"CODE_SIGN_IDENTITY[sdk=iphoneos*]" = "iPhone Developer";
				FRAMEWORK_SEARCH_PATHS = (
					"$(inherited)",
					"$(PROJECT_DIR)",
				);
				INFOPLIST_FILE = Home/Info.plist;
				LD_RUNPATH_SEARCH_PATHS = "$(inherited) @executable_path/Frameworks";
				PRODUCT_BUNDLE_IDENTIFIER = tw.org.itri.Home;
				PRODUCT_NAME = "$(TARGET_NAME)";
				PROVISIONING_PROFILE = "";
			};
			name = Debug;
		};
		97CC08961C20F65D005B5FC8 /* Release */ = {
			isa = XCBuildConfiguration;
			buildSettings = {
				ASSETCATALOG_COMPILER_APPICON_NAME = AppIcon;
				CODE_SIGN_ENTITLEMENTS = Home/Home.entitlements;
				CODE_SIGN_IDENTITY = "iPhone Developer";
				"CODE_SIGN_IDENTITY[sdk=iphoneos*]" = "iPhone Developer";
				FRAMEWORK_SEARCH_PATHS = (
					"$(inherited)",
					"$(PROJECT_DIR)",
				);
				INFOPLIST_FILE = Home/Info.plist;
				LD_RUNPATH_SEARCH_PATHS = "$(inherited) @executable_path/Frameworks";
				PRODUCT_BUNDLE_IDENTIFIER = tw.org.itri.Home;
				PRODUCT_NAME = "$(TARGET_NAME)";
				PROVISIONING_PROFILE = "";
			};
			name = Release;
		};
/* End XCBuildConfiguration section */

/* Begin XCConfigurationList section */
		97CC087A1C20F65C005B5FC8 /* Build configuration list for PBXProject "Home" */ = {
			isa = XCConfigurationList;
			buildConfigurations = (
				97CC08921C20F65D005B5FC8 /* Debug */,
				97CC08931C20F65D005B5FC8 /* Release */,
			);
			defaultConfigurationIsVisible = 0;
			defaultConfigurationName = Release;
		};
		97CC08941C20F65D005B5FC8 /* Build configuration list for PBXNativeTarget "Home" */ = {
			isa = XCConfigurationList;
			buildConfigurations = (
				97CC08951C20F65D005B5FC8 /* Debug */,
				97CC08961C20F65D005B5FC8 /* Release */,
			);
			defaultConfigurationIsVisible = 0;
			defaultConfigurationName = Release;
		};
/* End XCConfigurationList section */

/* Begin XCVersionGroup section */
		97CC08891C20F65C005B5FC8 /* Home.xcdatamodeld */ = {
			isa = XCVersionGroup;
			children = (
				97CC088A1C20F65C005B5FC8 /* Home.xcdatamodel */,
			);
			currentVersion = 97CC088A1C20F65C005B5FC8 /* Home.xcdatamodel */;
			path = Home.xcdatamodeld;
			sourceTree = "<group>";
			versionGroupType = wrapper.xcdatamodel;
		};
/* End XCVersionGroup section */
	};
	rootObject = 97CC08771C20F65C005B5FC8 /* Project object */;
}
